
Microsoft Visual Studio Solution File, Format Version 12.00
# Visual Studio Version 16
VisualStudioVersion = 16.0.29306.81
MinimumVisualStudioVersion = 10.0.40219.1
Project("{FAE04EC0-301F-11D3-BF4B-00C04F79EFBC}") = "markoGalavicPonavljanje2", "markoGalavicPonavljanje2\markoGalavicPonavljanje2.csproj", "{65170B03-5CD2-4138-80D1-9EB02284C5AB}"
EndProject
Global
	GlobalSection(SolutionConfigurationPlatforms) = preSolution
		Debug|Any CPU = Debug|Any CPU
		Release|Any CPU = Release|Any CPU
	EndGlobalSection
	GlobalSection(ProjectConfigurationPlatforms) = postSolution
		{65170B03-5CD2-4138-80D1-9EB02284C5AB}.Debug|Any CPU.ActiveCfg = Debug|Any CPU
		{65170B03-5CD2-4138-80D1-9EB02284C5AB}.Debug|Any CPU.Build.0 = Debug|Any CPU
		{65170B03-5CD2-4138-80D1-9EB02284C5AB}.Release|Any CPU.ActiveCfg = Release|Any CPU
		{65170B03-5CD2-4138-80D1-9EB02284C5AB}.Release|Any CPU.Build.0 = Release|Any CPU
	EndGlobalSection
	GlobalSection(SolutionProperties) = preSolution
		HideSolutionNode = FALSE
	EndGlobalSection
	GlobalSection(ExtensibilityGlobals) = postSolution
		SolutionGuid = {4DBF0465-4A00-4121-8B20-ADCD279857D7}
	EndGlobalSection
EndGlobal
